// !$*UTF8*$!
{
	archiveVersion = 1;
	classes = {
	};
	objectVersion = 46;
	objects = {

/* Begin PBXBuildFile section */
		3FAAF91F1D30B392002540C4 /* main.m in Sources */ = {isa = PBXBuildFile; fileRef = 3FAAF91E1D30B392002540C4 /* main.m */; };
		3FAAF9221D30B392002540C4 /* AppDelegate.m in Sources */ = {isa = PBXBuildFile; fileRef = 3FAAF9211D30B392002540C4 /* AppDelegate.m */; };
		3FAAF9281D30B392002540C4 /* Main.storyboard in Resources */ = {isa = PBXBuildFile; fileRef = 3FAAF9261D30B392002540C4 /* Main.storyboard */; };
		3FAAF92A1D30B392002540C4 /* Assets.xcassets in Resources */ = {isa = PBXBuildFile; fileRef = 3FAAF9291D30B392002540C4 /* Assets.xcassets */; };
		3FAAF92D1D30B392002540C4 /* LaunchScreen.storyboard in Resources */ = {isa = PBXBuildFile; fileRef = 3FAAF92B1D30B392002540C4 /* LaunchScreen.storyboard */; };
		3FAAF9361D30B3A4002540C4 /* GCDAsyncUdpSocket.m in Sources */ = {isa = PBXBuildFile; fileRef = 3FAAF9351D30B3A4002540C4 /* GCDAsyncUdpSocket.m */; };
		3FAAF9391D30B53E002540C4 /* ViewController.m in Sources */ = {isa = PBXBuildFile; fileRef = 3FAAF9381D30B53E002540C4 /* ViewController.m */; };
		3FAAF9411D30B550002540C4 /* DataModel.m in Sources */ = {isa = PBXBuildFile; fileRef = 3FAAF93B1D30B550002540C4 /* DataModel.m */; };
		3FAAF9421D30B550002540C4 /* FrameModel.m in Sources */ = {isa = PBXBuildFile; fileRef = 3FAAF93D1D30B550002540C4 /* FrameModel.m */; };
		3FAAF9431D30B550002540C4 /* messages.plist in Resources */ = {isa = PBXBuildFile; fileRef = 3FAAF93E1D30B550002540C4 /* messages.plist */; };
		3FAAF9441D30B550002540C4 /* TableViewCell.m in Sources */ = {isa = PBXBuildFile; fileRef = 3FAAF9401D30B550002540C4 /* TableViewCell.m */; };
/* End PBXBuildFile section */

/* Begin PBXFileReference section */
		3FAAF91A1D30B392002540C4 /* GCDAsyncUdpSocket-Demo.app */ = {isa = PBXFileReference; explicitFileType = wrapper.application; includeInIndex = 0; path = "GCDAsyncUdpSocket-Demo.app"; sourceTree = BUILT_PRODUCTS_DIR; };
		3FAAF91E1D30B392002540C4 /* main.m */ = {isa = PBXFileReference; lastKnownFileType = sourcecode.c.objc; path = main.m; sourceTree = "<group>"; };
		3FAAF9201D30B392002540C4 /* AppDelegate.h */ = {isa = PBXFileReference; lastKnownFileType = sourcecode.c.h; path = AppDelegate.h; sourceTree = "<group>"; };
		3FAAF9211D30B392002540C4 /* AppDelegate.m */ = {isa = PBXFileReference; lastKnownFileType = sourcecode.c.objc; path = AppDelegate.m; sourceTree = "<group>"; };
		3FAAF9271D30B392002540C4 /* Base */ = {isa = PBXFileReference; lastKnownFileType = file.storyboard; name = Base; path = Base.lproj/Main.storyboard; sourceTree = "<group>"; };
		3FAAF9291D30B392002540C4 /* Assets.xcassets */ = {isa = PBXFileReference; lastKnownFileType = folder.assetcatalog; path = Assets.xcassets; sourceTree = "<group>"; };
		3FAAF92C1D30B392002540C4 /* Base */ = {isa = PBXFileReference; lastKnownFileType = file.storyboard; name = Base; path = Base.lproj/LaunchScreen.storyboard; sourceTree = "<group>"; };
		3FAAF92E1D30B392002540C4 /* Info.plist */ = {isa = PBXFileReference; lastKnownFileType = text.plist.xml; path = Info.plist; sourceTree = "<group>"; };
		3FAAF9341D30B3A4002540C4 /* GCDAsyncUdpSocket.h */ = {isa = PBXFileReference; fileEncoding = 4; lastKnownFileType = sourcecode.c.h; path = GCDAsyncUdpSocket.h; sourceTree = "<group>"; };
		3FAAF9351D30B3A4002540C4 /* GCDAsyncUdpSocket.m */ = {isa = PBXFileReference; fileEncoding = 4; lastKnownFileType = sourcecode.c.objc; path = GCDAsyncUdpSocket.m; sourceTree = "<group>"; };
		3FAAF9371D30B53E002540C4 /* ViewController.h */ = {isa = PBXFileReference; fileEncoding = 4; lastKnownFileType = sourcecode.c.h; path = ViewController.h; sourceTree = "<group>"; };
		3FAAF9381D30B53E002540C4 /* ViewController.m */ = {isa = PBXFileReference; fileEncoding = 4; lastKnownFileType = sourcecode.c.objc; path = ViewController.m; sourceTree = "<group>"; };
		3FAAF93A1D30B550002540C4 /* DataModel.h */ = {isa = PBXFileReference; fileEncoding = 4; lastKnownFileType = sourcecode.c.h; path = DataModel.h; sourceTree = "<group>"; };
		3FAAF93B1D30B550002540C4 /* DataModel.m */ = {isa = PBXFileReference; fileEncoding = 4; lastKnownFileType = sourcecode.c.objc; path = DataModel.m; sourceTree = "<group>"; };
		3FAAF93C1D30B550002540C4 /* FrameModel.h */ = {isa = PBXFileReference; fileEncoding = 4; lastKnownFileType = sourcecode.c.h; path = FrameModel.h; sourceTree = "<group>"; };
		3FAAF93D1D30B550002540C4 /* FrameModel.m */ = {isa = PBXFileReference; fileEncoding = 4; lastKnownFileType = sourcecode.c.objc; path = FrameModel.m; sourceTree = "<group>"; };
		3FAAF93E1D30B550002540C4 /* messages.plist */ = {isa = PBXFileReference; fileEncoding = 4; lastKnownFileType = text.plist.xml; path = messages.plist; sourceTree = "<group>"; };
		3FAAF93F1D30B550002540C4 /* TableViewCell.h */ = {isa = PBXFileReference; fileEncoding = 4; lastKnownFileType = sourcecode.c.h; path = TableViewCell.h; sourceTree = "<group>"; };
		3FAAF9401D30B550002540C4 /* TableViewCell.m */ = {isa = PBXFileReference; fileEncoding = 4; lastKnownFileType = sourcecode.c.objc; path = TableViewCell.m; sourceTree = "<group>"; };
/* End PBXFileReference section */

/* Begin PBXFrameworksBuildPhase section */
		3FAAF9171D30B392002540C4 /* Frameworks */ = {
			isa = PBXFrameworksBuildPhase;
			buildActionMask = 2147483647;
			files = (
			);
			runOnlyForDeploymentPostprocessing = 0;
		};
/* End PBXFrameworksBuildPhase section */

/* Begin PBXGroup section */
		3FAAF9111D30B392002540C4 = {
			isa = PBXGroup;
			children = (
				3FAAF91C1D30B392002540C4 /* GCDAsyncUdpSocket-Demo */,
				3FAAF91B1D30B392002540C4 /* Products */,
			);
			sourceTree = "<group>";
		};
		3FAAF91B1D30B392002540C4 /* Products */ = {
			isa = PBXGroup;
			children = (
				3FAAF91A1D30B392002540C4 /* GCDAsyncUdpSocket-Demo.app */,
			);
			name = Products;
			sourceTree = "<group>";
		};
		3FAAF91C1D30B392002540C4 /* GCDAsyncUdpSocket-Demo */ = {
			isa = PBXGroup;
			children = (
				3FAAF9481D30B5C0002540C4 /* Other */,
				3FAAF9471D30B57A002540C4 /* Controller */,
				3FAAF9451D30B561002540C4 /* Model */,
				3FAAF9461D30B56F002540C4 /* View */,
				3FAAF9261D30B392002540C4 /* Main.storyboard */,
				3FAAF9291D30B392002540C4 /* Assets.xcassets */,
				3FAAF92B1D30B392002540C4 /* LaunchScreen.storyboard */,
				3FAAF92E1D30B392002540C4 /* Info.plist */,
				3FAAF91D1D30B392002540C4 /* Supporting Files */,
			);
			path = "GCDAsyncUdpSocket-Demo";
			sourceTree = "<group>";
		};
		3FAAF91D1D30B392002540C4 /* Supporting Files */ = {
			isa = PBXGroup;
			children = (
				3FAAF93E1D30B550002540C4 /* messages.plist */,
				3FAAF91E1D30B392002540C4 /* main.m */,
			);
			name = "Supporting Files";
			sourceTree = "<group>";
		};
		3FAAF9451D30B561002540C4 /* Model */ = {
			isa = PBXGroup;
			children = (
				3FAAF93A1D30B550002540C4 /* DataModel.h */,
				3FAAF93B1D30B550002540C4 /* DataModel.m */,
				3FAAF93C1D30B550002540C4 /* FrameModel.h */,
				3FAAF93D1D30B550002540C4 /* FrameModel.m */,
			);
			name = Model;
			sourceTree = "<group>";
		};
		3FAAF9461D30B56F002540C4 /* View */ = {
			isa = PBXGroup;
			children = (
				3FAAF93F1D30B550002540C4 /* TableViewCell.h */,
				3FAAF9401D30B550002540C4 /* TableViewCell.m */,
			);
			name = View;
			sourceTree = "<group>";
		};
		3FAAF9471D30B57A002540C4 /* Controller */ = {
			isa = PBXGroup;
			children = (
				3FAAF9371D30B53E002540C4 /* ViewController.h */,
				3FAAF9381D30B53E002540C4 /* ViewController.m */,
			);
			name = Controller;
			sourceTree = "<group>";
		};
		3FAAF9481D30B5C0002540C4 /* Other */ = {
			isa = PBXGroup;
			children = (
				3FAAF9341D30B3A4002540C4 /* GCDAsyncUdpSocket.h */,
				3FAAF9351D30B3A4002540C4 /* GCDAsyncUdpSocket.m */,
				3FAAF9201D30B392002540C4 /* AppDelegate.h */,
				3FAAF9211D30B392002540C4 /* AppDelegate.m */,
			);
			name = Other;
			sourceTree = "<group>";
		};
/* End PBXGroup section */

/* Begin PBXNativeTarget section */
		3FAAF9191D30B392002540C4 /* GCDAsyncUdpSocket-Demo */ = {
			isa = PBXNativeTarget;
			buildConfigurationList = 3FAAF9311D30B392002540C4 /* Build configuration list for PBXNativeTarget "GCDAsyncUdpSocket-Demo" */;
			buildPhases = (
				3FAAF9161D30B392002540C4 /* Sources */,
				3FAAF9171D30B392002540C4 /* Frameworks */,
				3FAAF9181D30B392002540C4 /* Resources */,
			);
			buildRules = (
			);
			dependencies = (
			);
			name = "GCDAsyncUdpSocket-Demo";
			productName = "GCDAsyncUdpSocket-Demo";
			productReference = 3FAAF91A1D30B392002540C4 /* GCDAsyncUdpSocket-Demo.app */;
			productType = "com.apple.product-type.application";
		};
/* End PBXNativeTarget section */

/* Begin PBXProject section */
		3FAAF9121D30B392002540C4 /* Project object */ = {
			isa = PBXProject;
			attributes = {
				LastUpgradeCheck = 0730;
				ORGANIZATIONNAME = Steven;
				TargetAttributes = {
					3FAAF9191D30B392002540C4 = {
						CreatedOnToolsVersion = 7.3;
						DevelopmentTeam = DSD3FXEL6D;
					};
				};
			};
			buildConfigurationList = 3FAAF9151D30B392002540C4 /* Build configuration list for PBXProject "GCDAsyncUdpSocket-Demo" */;
			compatibilityVersion = "Xcode 3.2";
			developmentRegion = English;
			hasScannedForEncodings = 0;
			knownRegions = (
				en,
				Base,
			);
			mainGroup = 3FAAF9111D30B392002540C4;
			productRefGroup = 3FAAF91B1D30B392002540C4 /* Products */;
			projectDirPath = "";
			projectRoot = "";
			targets = (
				3FAAF9191D30B392002540C4 /* GCDAsyncUdpSocket-Demo */,
			);
		};
/* End PBXProject section */

/* Begin PBXResourcesBuildPhase section */
		3FAAF9181D30B392002540C4 /* Resources */ = {
			isa = PBXResourcesBuildPhase;
			buildActionMask = 2147483647;
			files = (
				3FAAF9431D30B550002540C4 /* messages.plist in Resources */,
				3FAAF92D1D30B392002540C4 /* LaunchScreen.storyboard in Resources */,
				3FAAF92A1D30B392002540C4 /* Assets.xcassets in Resources */,
				3FAAF9281D30B392002540C4 /* Main.storyboard in Resources */,
			);
			runOnlyForDeploymentPostprocessing = 0;
		};
/* End PBXResourcesBuildPhase section */

/* Begin PBXSourcesBuildPhase section */
		3FAAF9161D30B392002540C4 /* Sources */ = {
			isa = PBXSourcesBuildPhase;
			buildActionMask = 2147483647;
			files = (
				3FAAF9441D30B550002540C4 /* TableViewCell.m in Sources */,
				3FAAF9361D30B3A4002540C4 /* GCDAsyncUdpSocket.m in Sources */,
				3FAAF9421D30B550002540C4 /* FrameModel.m in Sources */,
				3FAAF9411D30B550002540C4 /* DataModel.m in Sources */,
				3FAAF9221D30B392002540C4 /* AppDelegate.m in Sources */,
				3FAAF9391D30B53E002540C4 /* ViewController.m in Sources */,
				3FAAF91F1D30B392002540C4 /* main.m in Sources */,
			);
			runOnlyForDeploymentPostprocessing = 0;
		};
/* End PBXSourcesBuildPhase section */

/* Begin PBXVariantGroup section */
		3FAAF9261D30B392002540C4 /* Main.storyboard */ = {
			isa = PBXVariantGroup;
			children = (
				3FAAF9271D30B392002540C4 /* Base */,
			);
			name = Main.storyboard;
			sourceTree = "<group>";
		};
		3FAAF92B1D30B392002540C4 /* LaunchScreen.storyboard */ = {
			isa = PBXVariantGroup;
			children = (
				3FAAF92C1D30B392002540C4 /* Base */,
			);
			name = LaunchScreen.storyboard;
			sourceTree = "<group>";
		};
/* End PBXVariantGroup section */

/* Begin XCBuildConfiguration section */
		3FAAF92F1D30B392002540C4 /* Debug */ = {
			isa = XCBuildConfiguration;
			buildSettings = {
				ALWAYS_SEARCH_USER_PATHS = NO;
				CLANG_ANALYZER_NONNULL = YES;
				CLANG_CXX_LANGUAGE_STANDARD = "gnu++0x";
				CLANG_CXX_LIBRARY = "libc++";
				CLANG_ENABLE_MODULES = YES;
				CLANG_ENABLE_OBJC_ARC = YES;
				CLANG_WARN_BOOL_CONVERSION = YES;
				CLANG_WARN_CONSTANT_CONVERSION = YES;
				CLANG_WARN_DIRECT_OBJC_ISA_USAGE = YES_ERROR;
				CLANG_WARN_EMPTY_BODY = YES;
				CLANG_WARN_ENUM_CONVERSION = YES;
				CLANG_WARN_INT_CONVERSION = YES;
				CLANG_WARN_OBJC_ROOT_CLASS = YES_ERROR;
				CLANG_WARN_UNREACHABLE_CODE = YES;
				CLANG_WARN__DUPLICATE_METHOD_MATCH = YES;
				"CODE_SIGN_IDENTITY[sdk=iphoneos*]" = "iPhone Developer";
				COPY_PHASE_STRIP = NO;
				DEBUG_INFORMATION_FORMAT = dwarf;
				ENABLE_STRICT_OBJC_MSGSEND = YES;
				ENABLE_TESTABILITY = YES;
				GCC_C_LANGUAGE_STANDARD = gnu99;
				GCC_DYNAMIC_NO_PIC = NO;
				GCC_NO_COMMON_BLOCKS = YES;
				GCC_OPTIMIZATION_LEVEL = 0;
				GCC_PREPROCESSOR_DEFINITIONS = (
					"DEBUG=1",
					"$(inherited)",
				);
				GCC_WARN_64_TO_32_BIT_CONVERSION = YES;
				GCC_WARN_ABOUT_RETURN_TYPE = YES_ERROR;
				GCC_WARN_UNDECLARED_SELECTOR = YES;
				GCC_WARN_UNINITIALIZED_AUTOS = YES_AGGRESSIVE;
				GCC_WARN_UNUSED_FUNCTION = YES;
				GCC_WARN_UNUSED_VARIABLE = YES;
				IPHONEOS_DEPLOYMENT_TARGET = 9.3;
				MTL_ENABLE_DEBUG_INFO = YES;
				ONLY_ACTIVE_ARCH = YES;
				SDKROOT = iphoneos;
			};
			name = Debug;
		};
		3FAAF9301D30B392002540C4 /* Release */ = {
			isa = XCBuildConfiguration;
			buildSettings = {
				ALWAYS_SEARCH_USER_PATHS = NO;
				CLANG_ANALYZER_NONNULL = YES;
				CLANG_CXX_LANGUAGE_STANDARD = "gnu++0x";
				CLANG_CXX_LIBRARY = "libc++";
				CLANG_ENABLE_MODULES = YES;
				CLANG_ENABLE_OBJC_ARC = YES;
				CLANG_WARN_BOOL_CONVERSION = YES;
				CLANG_WARN_CONSTANT_CONVERSION = YES;
				CLANG_WARN_DIRECT_OBJC_ISA_USAGE = YES_ERROR;
				CLANG_WARN_EMPTY_BODY = YES;
				CLANG_WARN_ENUM_CONVERSION = YES;
				CLANG_WARN_INT_CONVERSION = YES;
				CLANG_WARN_OBJC_ROOT_CLASS = YES_ERROR;
				CLANG_WARN_UNREACHABLE_CODE = YES;
				CLANG_WARN__DUPLICATE_METHOD_MATCH = YES;
				"CODE_SIGN_IDENTITY[sdk=iphoneos*]" = "iPhone Developer";
				COPY_PHASE_STRIP = NO;
				DEBUG_INFORMATION_FORMAT = "dwarf-with-dsym";
				ENABLE_NS_ASSERTIONS = NO;
				ENABLE_STRICT_OBJC_MSGSEND = YES;
				GCC_C_LANGUAGE_STANDARD = gnu99;
				GCC_NO_COMMON_BLOCKS = YES;
				GCC_WARN_64_TO_32_BIT_CONVERSION = YES;
				GCC_WARN_ABOUT_RETURN_TYPE = YES_ERROR;
				GCC_WARN_UNDECLARED_SELECTOR = YES;
				GCC_WARN_UNINITIALIZED_AUTOS = YES_AGGRESSIVE;
				GCC_WARN_UNUSED_FUNCTION = YES;
				GCC_WARN_UNUSED_VARIABLE = YES;
				IPHONEOS_DEPLOYMENT_TARGET = 9.3;
				MTL_ENABLE_DEBUG_INFO = NO;
				SDKROOT = iphoneos;
				VALIDATE_PRODUCT = YES;
			};
			name = Release;
		};
		3FAAF9321D30B392002540C4 /* Debug */ = {
			isa = XCBuildConfiguration;
			buildSettings = {
				ASSETCATALOG_COMPILER_APPICON_NAME = AppIcon;
				INFOPLIST_FILE = "GCDAsyncUdpSocket-Demo/Info.plist";
				LD_RUNPATH_SEARCH_PATHS = "$(inherited) @executable_path/Frameworks";
				PRODUCT_BUNDLE_IDENTIFIER = "Crazy.GCDAsyncUdpSocket-Demo";
				PRODUCT_NAME = "$(TARGET_NAME)";
			};
			name = Debug;
		};
		3FAAF9331D30B392002540C4 /* Release */ = {
			isa = XCBuildConfiguration;
			buildSettings = {
				ASSETCATALOG_COMPILER_APPICON_NAME = AppIcon;
				INFOPLIST_FILE = "GCDAsyncUdpSocket-Demo/Info.plist";
				LD_RUNPATH_SEARCH_PATHS = "$(inherited) @executable_path/Frameworks";
				PRODUCT_BUNDLE_IDENTIFIER = "Crazy.GCDAsyncUdpSocket-Demo";
				PRODUCT_NAME = "$(TARGET_NAME)";
			};
			name = Release;
		};
/* End XCBuildConfiguration section */

/* Begin XCConfigurationList section */
		3FAAF9151D30B392002540C4 /* Build configuration list for PBXProject "GCDAsyncUdpSocket-Demo" */ = {
			isa = XCConfigurationList;
			buildConfigurations = (
				3FAAF92F1D30B392002540C4 /* Debug */,
				3FAAF9301D30B392002540C4 /* Release */,
			);
			defaultConfigurationIsVisible = 0;
			defaultConfigurationName = Release;
		};
		3FAAF9311D30B392002540C4 /* Build configuration list for PBXNativeTarget "GCDAsyncUdpSocket-Demo" */ = {
			isa = XCConfigurationList;
			buildConfigurations = (
				3FAAF9321D30B392002540C4 /* Debug */,
				3FAAF9331D30B392002540C4 /* Release */,
			);
			defaultConfigurationIsVisible = 0;
		};
/* End XCConfigurationList section */
	};
	rootObject = 3FAAF9121D30B392002540C4 /* Project object */;
}
